{
  "nodes": {
    "nixpkgs": {
      "locked": {
        "lastModified": 1769385780,
        "narHash": "sha256-NYEid/hf2g5xjJIRBtrf3K4z9/JlaF2oG1zT+rRqvN0=",
        "owner": "nixos",
        "repo": "nixpkgs",
        "rev": "f2f32f1fcb386405b556dfd03e3dcd902c636642",
        "type": "github"
      },
      "original": {
        "owner": "nixos",
        "repo": "nixpkgs",
        "type": "github"
      }
    },
    "root": {
      "inputs": {
        "nixpkgs": "nixpkgs"
      }
    }
  },
  "root": "root",
  "version": 7
}
